
Microsoft Visual Studio Solution File, Format Version 12.00
# Visual Studio 15
VisualStudioVersion = 15.0.27703.2042
MinimumVisualStudioVersion = 10.0.40219.1
Project("{FAE04EC0-301F-11D3-BF4B-00C04F79EFBC}") = "BillCalculator.Android", "BillCalculator\BillCalculator.Android\BillCalculator.Android.csproj", "{1AB160CA-D5ED-4F88-A37E-9C788BBB967F}"
EndProject
Project("{FAE04EC0-301F-11D3-BF4B-00C04F79EFBC}") = "BillCalculator.iOS", "BillCalculator\BillCalculator.iOS\BillCalculator.iOS.csproj", "{C4882433-7337-4CE7-B1DE-EA9ADCFA05AF}"
EndProject
Project("{FAE04EC0-301F-11D3-BF4B-00C04F79EFBC}") = "BillCalculator", "BillCalculator\BillCalculator\BillCalculator.csproj", "{F4CE758F-2935-4D47-97A3-7AE9D4570FCC}"
EndProject
Global
	GlobalSection(SolutionConfigurationPlatforms) = preSolution
		Ad-Hoc|Any CPU = Ad-Hoc|Any CPU
		Ad-Hoc|iPhone = Ad-Hoc|iPhone
		Ad-Hoc|iPhoneSimulator = Ad-Hoc|iPhoneSimulator
		AppStore|Any CPU = AppStore|Any CPU
		AppStore|iPhone = AppStore|iPhone
		AppStore|iPhoneSimulator = AppStore|iPhoneSimulator
		Debug|Any CPU = Debug|Any CPU
		Debug|iPhone = Debug|iPhone
		Debug|iPhoneSimulator = Debug|iPhoneSimulator
		Release|Any CPU = Release|Any CPU
		Release|iPhone = Release|iPhone
		Release|iPhoneSimulator = Release|iPhoneSimulator
	EndGlobalSection
	GlobalSection(ProjectConfigurationPlatforms) = postSolution
		{1AB160CA-D5ED-4F88-A37E-9C788BBB967F}.Ad-Hoc|Any CPU.ActiveCfg = Release|Any CPU
		{1AB160CA-D5ED-4F88-A37E-9C788BBB967F}.Ad-Hoc|Any CPU.Build.0 = Release|Any CPU
		{1AB160CA-D5ED-4F88-A37E-9C788BBB967F}.Ad-Hoc|Any CPU.Deploy.0 = Release|Any CPU
		{1AB160CA-D5ED-4F88-A37E-9C788BBB967F}.Ad-Hoc|iPhone.ActiveCfg = Release|Any CPU
		{1AB160CA-D5ED-4F88-A37E-9C788BBB967F}.Ad-Hoc|iPhone.Build.0 = Release|Any CPU
		{1AB160CA-D5ED-4F88-A37E-9C788BBB967F}.Ad-Hoc|iPhone.Deploy.0 = Release|Any CPU
		{1AB160CA-D5ED-4F88-A37E-9C788BBB967F}.Ad-Hoc|iPhoneSimulator.ActiveCfg = Release|Any CPU
		{1AB160CA-D5ED-4F88-A37E-9C788BBB967F}.Ad-Hoc|iPhoneSimulator.Build.0 = Release|Any CPU
		{1AB160CA-D5ED-4F88-A37E-9C788BBB967F}.Ad-Hoc|iPhoneSimulator.Deploy.0 = Release|Any CPU
		{1AB160CA-D5ED-4F88-A37E-9C788BBB967F}.AppStore|Any CPU.ActiveCfg = Release|Any CPU
		{1AB160CA-D5ED-4F88-A37E-9C788BBB967F}.AppStore|Any CPU.Build.0 = Release|Any CPU
		{1AB160CA-D5ED-4F88-A37E-9C788BBB967F}.AppStore|Any CPU.Deploy.0 = Release|Any CPU
		{1AB160CA-D5ED-4F88-A37E-9C788BBB967F}.AppStore|iPhone.ActiveCfg = Release|Any CPU
		{1AB160CA-D5ED-4F88-A37E-9C788BBB967F}.AppStore|iPhone.Build.0 = Release|Any CPU
		{1AB160CA-D5ED-4F88-A37E-9C788BBB967F}.AppStore|iPhone.Deploy.0 = Release|Any CPU
		{1AB160CA-D5ED-4F88-A37E-9C788BBB967F}.AppStore|iPhoneSimulator.ActiveCfg = Release|Any CPU
		{1AB160CA-D5ED-4F88-A37E-9C788BBB967F}.AppStore|iPhoneSimulator.Build.0 = Release|Any CPU
		{1AB160CA-D5ED-4F88-A37E-9C788BBB967F}.AppStore|iPhoneSimulator.Deploy.0 = Release|Any CPU
		{1AB160CA-D5ED-4F88-A37E-9C788BBB967F}.Debug|Any CPU.ActiveCfg = Debug|Any CPU
		{1AB160CA-D5ED-4F88-A37E-9C788BBB967F}.Debug|Any CPU.Build.0 = Debug|Any CPU
		{1AB160CA-D5ED-4F88-A37E-9C788BBB967F}.Debug|Any CPU.Deploy.0 = Debug|Any CPU
		{1AB160CA-D5ED-4F88-A37E-9C788BBB967F}.Debug|iPhone.ActiveCfg = Debug|Any CPU
		{1AB160CA-D5ED-4F88-A37E-9C788BBB967F}.Debug|iPhone.Build.0 = Debug|Any CPU
		{1AB160CA-D5ED-4F88-A37E-9C788BBB967F}.Debug|iPhone.Deploy.0 = Debug|Any CPU
		{1AB160CA-D5ED-4F88-A37E-9C788BBB967F}.Debug|iPhoneSimulator.ActiveCfg = Debug|Any CPU
		{1AB160CA-D5ED-4F88-A37E-9C788BBB967F}.Debug|iPhoneSimulator.Build.0 = Debug|Any CPU
		{1AB160CA-D5ED-4F88-A37E-9C788BBB967F}.Debug|iPhoneSimulator.Deploy.0 = Debug|Any CPU
		{1AB160CA-D5ED-4F88-A37E-9C788BBB967F}.Release|Any CPU.ActiveCfg = Release|Any CPU
		{1AB160CA-D5ED-4F88-A37E-9C788BBB967F}.Release|Any CPU.Build.0 = Release|Any CPU
		{1AB160CA-D5ED-4F88-A37E-9C788BBB967F}.Release|Any CPU.Deploy.0 = Release|Any CPU
		{1AB160CA-D5ED-4F88-A37E-9C788BBB967F}.Release|iPhone.ActiveCfg = Release|Any CPU
		{1AB160CA-D5ED-4F88-A37E-9C788BBB967F}.Release|iPhone.Build.0 = Release|Any CPU
		{1AB160CA-D5ED-4F88-A37E-9C788BBB967F}.Release|iPhone.Deploy.0 = Release|Any CPU
		{1AB160CA-D5ED-4F88-A37E-9C788BBB967F}.Release|iPhoneSimulator.ActiveCfg = Release|Any CPU
		{1AB160CA-D5ED-4F88-A37E-9C788BBB967F}.Release|iPhoneSimulator.Build.0 = Release|Any CPU
		{1AB160CA-D5ED-4F88-A37E-9C788BBB967F}.Release|iPhoneSimulator.Deploy.0 = Release|Any CPU
		{C4882433-7337-4CE7-B1DE-EA9ADCFA05AF}.Ad-Hoc|Any CPU.ActiveCfg = Ad-Hoc|iPhone
		{C4882433-7337-4CE7-B1DE-EA9ADCFA05AF}.Ad-Hoc|Any CPU.Build.0 = Ad-Hoc|iPhone
		{C4882433-7337-4CE7-B1DE-EA9ADCFA05AF}.Ad-Hoc|Any CPU.Deploy.0 = Ad-Hoc|iPhone
		{C4882433-7337-4CE7-B1DE-EA9ADCFA05AF}.Ad-Hoc|iPhone.ActiveCfg = Ad-Hoc|iPhone
		{C4882433-7337-4CE7-B1DE-EA9ADCFA05AF}.Ad-Hoc|iPhone.Build.0 = Ad-Hoc|iPhone
		{C4882433-7337-4CE7-B1DE-EA9ADCFA05AF}.Ad-Hoc|iPhone.Deploy.0 = Ad-Hoc|iPhone
		{C4882433-7337-4CE7-B1DE-EA9ADCFA05AF}.Ad-Hoc|iPhoneSimulator.ActiveCfg = Ad-Hoc|iPhoneSimulator
		{C4882433-7337-4CE7-B1DE-EA9ADCFA05AF}.Ad-Hoc|iPhoneSimulator.Build.0 = Ad-Hoc|iPhoneSimulator
		{C4882433-7337-4CE7-B1DE-EA9ADCFA05AF}.Ad-Hoc|iPhoneSimulator.Deploy.0 = Ad-Hoc|iPhoneSimulator
		{C4882433-7337-4CE7-B1DE-EA9ADCFA05AF}.AppStore|Any CPU.ActiveCfg = AppStore|iPhone
		{C4882433-7337-4CE7-B1DE-EA9ADCFA05AF}.AppStore|Any CPU.Build.0 = AppStore|iPhone
		{C4882433-7337-4CE7-B1DE-EA9ADCFA05AF}.AppStore|Any CPU.Deploy.0 = AppStore|iPhone
		{C4882433-7337-4CE7-B1DE-EA9ADCFA05AF}.AppStore|iPhone.ActiveCfg = AppStore|iPhone
		{C4882433-7337-4CE7-B1DE-EA9ADCFA05AF}.AppStore|iPhone.Build.0 = AppStore|iPhone
		{C4882433-7337-4CE7-B1DE-EA9ADCFA05AF}.AppStore|iPhone.Deploy.0 = AppStore|iPhone
		{C4882433-7337-4CE7-B1DE-EA9ADCFA05AF}.AppStore|iPhoneSimulator.ActiveCfg = AppStore|iPhoneSimulator
		{C4882433-7337-4CE7-B1DE-EA9ADCFA05AF}.AppStore|iPhoneSimulator.Build.0 = AppStore|iPhoneSimulator
		{C4882433-7337-4CE7-B1DE-EA9ADCFA05AF}.AppStore|iPhoneSimulator.Deploy.0 = AppStore|iPhoneSimulator
		{C4882433-7337-4CE7-B1DE-EA9ADCFA05AF}.Debug|Any CPU.ActiveCfg = Debug|iPhoneSimulator
		{C4882433-7337-4CE7-B1DE-EA9ADCFA05AF}.Debug|Any CPU.Build.0 = Debug|iPhoneSimulator
		{C4882433-7337-4CE7-B1DE-EA9ADCFA05AF}.Debug|Any CPU.Deploy.0 = Debug|iPhoneSimulator
		{C4882433-7337-4CE7-B1DE-EA9ADCFA05AF}.Debug|iPhone.ActiveCfg = Debug|iPhone
		{C4882433-7337-4CE7-B1DE-EA9ADCFA05AF}.Debug|iPhone.Build.0 = Debug|iPhone
		{C4882433-7337-4CE7-B1DE-EA9ADCFA05AF}.Debug|iPhone.Deploy.0 = Debug|iPhone
		{C4882433-7337-4CE7-B1DE-EA9ADCFA05AF}.Debug|iPhoneSimulator.ActiveCfg = Debug|iPhoneSimulator
		{C4882433-7337-4CE7-B1DE-EA9ADCFA05AF}.Debug|iPhoneSimulator.Build.0 = Debug|iPhoneSimulator
		{C4882433-7337-4CE7-B1DE-EA9ADCFA05AF}.Debug|iPhoneSimulator.Deploy.0 = Debug|iPhoneSimulator
		{C4882433-7337-4CE7-B1DE-EA9ADCFA05AF}.Release|Any CPU.ActiveCfg = Release|iPhone
		{C4882433-7337-4CE7-B1DE-EA9ADCFA05AF}.Release|Any CPU.Build.0 = Release|iPhone
		{C4882433-7337-4CE7-B1DE-EA9ADCFA05AF}.Release|Any CPU.Deploy.0 = Release|iPhone
		{C4882433-7337-4CE7-B1DE-EA9ADCFA05AF}.Release|iPhone.ActiveCfg = Release|iPhone
		{C4882433-7337-4CE7-B1DE-EA9ADCFA05AF}.Release|iPhone.Build.0 = Release|iPhone
		{C4882433-7337-4CE7-B1DE-EA9ADCFA05AF}.Release|iPhone.Deploy.0 = Release|iPhone
		{C4882433-7337-4CE7-B1DE-EA9ADCFA05AF}.Release|iPhoneSimulator.ActiveCfg = Release|iPhoneSimulator
		{C4882433-7337-4CE7-B1DE-EA9ADCFA05AF}.Release|iPhoneSimulator.Build.0 = Release|iPhoneSimulator
		{C4882433-7337-4CE7-B1DE-EA9ADCFA05AF}.Release|iPhoneSimulator.Deploy.0 = Release|iPhoneSimulator
		{F4CE758F-2935-4D47-97A3-7AE9D4570FCC}.Ad-Hoc|Any CPU.ActiveCfg = Debug|Any CPU
		{F4CE758F-2935-4D47-97A3-7AE9D4570FCC}.Ad-Hoc|Any CPU.Build.0 = Debug|Any CPU
		{F4CE758F-2935-4D47-97A3-7AE9D4570FCC}.Ad-Hoc|Any CPU.Deploy.0 = Debug|Any CPU
		{F4CE758F-2935-4D47-97A3-7AE9D4570FCC}.Ad-Hoc|iPhone.ActiveCfg = Debug|Any CPU
		{F4CE758F-2935-4D47-97A3-7AE9D4570FCC}.Ad-Hoc|iPhone.Build.0 = Debug|Any CPU
		{F4CE758F-2935-4D47-97A3-7AE9D4570FCC}.Ad-Hoc|iPhone.Deploy.0 = Debug|Any CPU
		{F4CE758F-2935-4D47-97A3-7AE9D4570FCC}.Ad-Hoc|iPhoneSimulator.ActiveCfg = Debug|Any CPU
		{F4CE758F-2935-4D47-97A3-7AE9D4570FCC}.Ad-Hoc|iPhoneSimulator.Build.0 = Debug|Any CPU
		{F4CE758F-2935-4D47-97A3-7AE9D4570FCC}.Ad-Hoc|iPhoneSimulator.Deploy.0 = Debug|Any CPU
		{F4CE758F-2935-4D47-97A3-7AE9D4570FCC}.AppStore|Any CPU.ActiveCfg = Debug|Any CPU
		{F4CE758F-2935-4D47-97A3-7AE9D4570FCC}.AppStore|Any CPU.Build.0 = Debug|Any CPU
		{F4CE758F-2935-4D47-97A3-7AE9D4570FCC}.AppStore|Any CPU.Deploy.0 = Debug|Any CPU
		{F4CE758F-2935-4D47-97A3-7AE9D4570FCC}.AppStore|iPhone.ActiveCfg = Debug|Any CPU
		{F4CE758F-2935-4D47-97A3-7AE9D4570FCC}.AppStore|iPhone.Build.0 = Debug|Any CPU
		{F4CE758F-2935-4D47-97A3-7AE9D4570FCC}.AppStore|iPhone.Deploy.0 = Debug|Any CPU
		{F4CE758F-2935-4D47-97A3-7AE9D4570FCC}.AppStore|iPhoneSimulator.ActiveCfg = Debug|Any CPU
		{F4CE758F-2935-4D47-97A3-7AE9D4570FCC}.AppStore|iPhoneSimulator.Build.0 = Debug|Any CPU
		{F4CE758F-2935-4D47-97A3-7AE9D4570FCC}.AppStore|iPhoneSimulator.Deploy.0 = Debug|Any CPU
		{F4CE758F-2935-4D47-97A3-7AE9D4570FCC}.Debug|Any CPU.ActiveCfg = Debug|Any CPU
		{F4CE758F-2935-4D47-97A3-7AE9D4570FCC}.Debug|Any CPU.Build.0 = Debug|Any CPU
		{F4CE758F-2935-4D47-97A3-7AE9D4570FCC}.Debug|Any CPU.Deploy.0 = Debug|Any CPU
		{F4CE758F-2935-4D47-97A3-7AE9D4570FCC}.Debug|iPhone.ActiveCfg = Debug|Any CPU
		{F4CE758F-2935-4D47-97A3-7AE9D4570FCC}.Debug|iPhone.Build.0 = Debug|Any CPU
		{F4CE758F-2935-4D47-97A3-7AE9D4570FCC}.Debug|iPhone.Deploy.0 = Debug|Any CPU
		{F4CE758F-2935-4D47-97A3-7AE9D4570FCC}.Debug|iPhoneSimulator.ActiveCfg = Debug|Any CPU
		{F4CE758F-2935-4D47-97A3-7AE9D4570FCC}.Debug|iPhoneSimulator.Build.0 = Debug|Any CPU
		{F4CE758F-2935-4D47-97A3-7AE9D4570FCC}.Debug|iPhoneSimulator.Deploy.0 = Debug|Any CPU
		{F4CE758F-2935-4D47-97A3-7AE9D4570FCC}.Release|Any CPU.ActiveCfg = Release|Any CPU
		{F4CE758F-2935-4D47-97A3-7AE9D4570FCC}.Release|Any CPU.Build.0 = Release|Any CPU
		{F4CE758F-2935-4D47-97A3-7AE9D4570FCC}.Release|Any CPU.Deploy.0 = Release|Any CPU
		{F4CE758F-2935-4D47-97A3-7AE9D4570FCC}.Release|iPhone.ActiveCfg = Release|Any CPU
		{F4CE758F-2935-4D47-97A3-7AE9D4570FCC}.Release|iPhone.Build.0 = Release|Any CPU
		{F4CE758F-2935-4D47-97A3-7AE9D4570FCC}.Release|iPhone.Deploy.0 = Release|Any CPU
		{F4CE758F-2935-4D47-97A3-7AE9D4570FCC}.Release|iPhoneSimulator.ActiveCfg = Release|Any CPU
		{F4CE758F-2935-4D47-97A3-7AE9D4570FCC}.Release|iPhoneSimulator.Build.0 = Release|Any CPU
		{F4CE758F-2935-4D47-97A3-7AE9D4570FCC}.Release|iPhoneSimulator.Deploy.0 = Release|Any CPU
	EndGlobalSection
	GlobalSection(SolutionProperties) = preSolution
		HideSolutionNode = FALSE
	EndGlobalSection
	GlobalSection(ExtensibilityGlobals) = postSolution
		SolutionGuid = {8FA97F59-D581-4D27-967D-5BA650AD2B42}
	EndGlobalSection
EndGlobal
